
Microsoft Visual Studio Solution File, Format Version 12.00
# Visual Studio 15
VisualStudioVersion = 15.0.26228.4
MinimumVisualStudioVersion = 10.0.40219.1
Project("{FAE04EC0-301F-11D3-BF4B-00C04F79EFBC}") = "FirstTaskVegetableMarket", "FirstTaskVegetableMarket\FirstTaskVegetableMarket.csproj", "{5CD47574-9FB2-41D0-A129-58B29B22FAFB}"
EndProject
Project("{FAE04EC0-301F-11D3-BF4B-00C04F79EFBC}") = "SecondTaskPoolPipes", "SecondTaskPoolPipes\SecondTaskPoolPipes.csproj", "{0AC24A63-74ED-4BB0-A122-05FAC3DD2C27}"
EndProject
Project("{FAE04EC0-301F-11D3-BF4B-00C04F79EFBC}") = "ThirthTaskTrip", "ThirthTaskTrip\ThirthTaskTrip.csproj", "{9D6E1D63-9FEC-489C-B2A4-5CD6B7E99C70}"
EndProject
Project("{FAE04EC0-301F-11D3-BF4B-00C04F79EFBC}") = "FourthTaskDivision", "FourthTaskDivision\FourthTaskDivision.csproj", "{88B255C5-BA15-4472-8148-1A77A9C09B9D}"
EndProject
Project("{FAE04EC0-301F-11D3-BF4B-00C04F79EFBC}") = "FifthTaskButterfly", "FifthTaskButterFly\FifthTaskButterfly.csproj", "{96C6A160-A501-4490-B17F-FEA061E3EE7C}"
EndProject
Project("{FAE04EC0-301F-11D3-BF4B-00C04F79EFBC}") = "SixthTaskMagicNumbers", "SixthTaskMagicNumbers\SixthTaskMagicNumbers.csproj", "{C8C7794C-B3FF-4572-ABFC-87587B359D03}"
EndProject
Global
	GlobalSection(SolutionConfigurationPlatforms) = preSolution
		Debug|Any CPU = Debug|Any CPU
		Release|Any CPU = Release|Any CPU
	EndGlobalSection
	GlobalSection(ProjectConfigurationPlatforms) = postSolution
		{5CD47574-9FB2-41D0-A129-58B29B22FAFB}.Debug|Any CPU.ActiveCfg = Debug|Any CPU
		{5CD47574-9FB2-41D0-A129-58B29B22FAFB}.Debug|Any CPU.Build.0 = Debug|Any CPU
		{5CD47574-9FB2-41D0-A129-58B29B22FAFB}.Release|Any CPU.ActiveCfg = Release|Any CPU
		{5CD47574-9FB2-41D0-A129-58B29B22FAFB}.Release|Any CPU.Build.0 = Release|Any CPU
		{0AC24A63-74ED-4BB0-A122-05FAC3DD2C27}.Debug|Any CPU.ActiveCfg = Debug|Any CPU
		{0AC24A63-74ED-4BB0-A122-05FAC3DD2C27}.Debug|Any CPU.Build.0 = Debug|Any CPU
		{0AC24A63-74ED-4BB0-A122-05FAC3DD2C27}.Release|Any CPU.ActiveCfg = Release|Any CPU
		{0AC24A63-74ED-4BB0-A122-05FAC3DD2C27}.Release|Any CPU.Build.0 = Release|Any CPU
		{9D6E1D63-9FEC-489C-B2A4-5CD6B7E99C70}.Debug|Any CPU.ActiveCfg = Debug|Any CPU
		{9D6E1D63-9FEC-489C-B2A4-5CD6B7E99C70}.Debug|Any CPU.Build.0 = Debug|Any CPU
		{9D6E1D63-9FEC-489C-B2A4-5CD6B7E99C70}.Release|Any CPU.ActiveCfg = Release|Any CPU
		{9D6E1D63-9FEC-489C-B2A4-5CD6B7E99C70}.Release|Any CPU.Build.0 = Release|Any CPU
		{88B255C5-BA15-4472-8148-1A77A9C09B9D}.Debug|Any CPU.ActiveCfg = Debug|Any CPU
		{88B255C5-BA15-4472-8148-1A77A9C09B9D}.Debug|Any CPU.Build.0 = Debug|Any CPU
		{88B255C5-BA15-4472-8148-1A77A9C09B9D}.Release|Any CPU.ActiveCfg = Release|Any CPU
		{88B255C5-BA15-4472-8148-1A77A9C09B9D}.Release|Any CPU.Build.0 = Release|Any CPU
		{96C6A160-A501-4490-B17F-FEA061E3EE7C}.Debug|Any CPU.ActiveCfg = Debug|Any CPU
		{96C6A160-A501-4490-B17F-FEA061E3EE7C}.Debug|Any CPU.Build.0 = Debug|Any CPU
		{96C6A160-A501-4490-B17F-FEA061E3EE7C}.Release|Any CPU.ActiveCfg = Release|Any CPU
		{96C6A160-A501-4490-B17F-FEA061E3EE7C}.Release|Any CPU.Build.0 = Release|Any CPU
		{C8C7794C-B3FF-4572-ABFC-87587B359D03}.Debug|Any CPU.ActiveCfg = Debug|Any CPU
		{C8C7794C-B3FF-4572-ABFC-87587B359D03}.Debug|Any CPU.Build.0 = Debug|Any CPU
		{C8C7794C-B3FF-4572-ABFC-87587B359D03}.Release|Any CPU.ActiveCfg = Release|Any CPU
		{C8C7794C-B3FF-4572-ABFC-87587B359D03}.Release|Any CPU.Build.0 = Release|Any CPU
	EndGlobalSection
	GlobalSection(SolutionProperties) = preSolution
		HideSolutionNode = FALSE
	EndGlobalSection
EndGlobal
